// !$*UTF8*$!
{
	archiveVersion = 1;
	classes = {
	};
	objectVersion = 77;
	objects = {

/* Begin PBXContainerItemProxy section */
		DF8F92B52DFBADEC009C33E8 /* PBXContainerItemProxy */ = {
			isa = PBXContainerItemProxy;
			containerPortal = DF8F929F2DFBADEA009C33E8 /* Project object */;
			proxyType = 1;
			remoteGlobalIDString = DF8F92A62DFBADEB009C33E8;
			remoteInfo = "AsyncDemo-XCTest";
		};
		DF8F92BF2DFBADEC009C33E8 /* PBXContainerItemProxy */ = {
			isa = PBXContainerItemProxy;
			containerPortal = DF8F929F2DFBADEA009C33E8 /* Project object */;
			proxyType = 1;
			remoteGlobalIDString = DF8F92A62DFBADEB009C33E8;
			remoteInfo = "AsyncDemo-XCTest";
		};
/* End PBXContainerItemProxy section */

/* Begin PBXFileReference section */
		DF8F92A72DFBADEB009C33E8 /* AsyncDemo-XCTest.app */ = {isa = PBXFileReference; explicitFileType = wrapper.application; includeInIndex = 0; path = "AsyncDemo-XCTest.app"; sourceTree = BUILT_PRODUCTS_DIR; };
		DF8F92B42DFBADEC009C33E8 /* AsyncDemo-XCTestTests.xctest */ = {isa = PBXFileReference; explicitFileType = wrapper.cfbundle; includeInIndex = 0; path = "AsyncDemo-XCTestTests.xctest"; sourceTree = BUILT_PRODUCTS_DIR; };
		DF8F92BE2DFBADEC009C33E8 /* AsyncDemo-XCTestUITests.xctest */ = {isa = PBXFileReference; explicitFileType = wrapper.cfbundle; includeInIndex = 0; path = "AsyncDemo-XCTestUITests.xctest"; sourceTree = BUILT_PRODUCTS_DIR; };
/* End PBXFileReference section */

/* Begin PBXFileSystemSynchronizedRootGroup section */
		DF8F92A92DFBADEB009C33E8 /* AsyncDemo-XCTest */ = {
			isa = PBXFileSystemSynchronizedRootGroup;
			path = "AsyncDemo-XCTest";
			sourceTree = "<group>";
		};
		DF8F92B72DFBADEC009C33E8 /* AsyncDemo-XCTestTests */ = {
			isa = PBXFileSystemSynchronizedRootGroup;
			path = "AsyncDemo-XCTestTests";
			sourceTree = "<group>";
		};
/* End PBXFileSystemSynchronizedRootGroup section */

/* Begin PBXFrameworksBuildPhase section */
		DF8F92A42DFBADEB009C33E8 /* Frameworks */ = {
			isa = PBXFrameworksBuildPhase;
			buildActionMask = 2147483647;
			files = (
			);
			runOnlyForDeploymentPostprocessing = 0;
		};
		DF8F92B12DFBADEC009C33E8 /* Frameworks */ = {
			isa = PBXFrameworksBuildPhase;
			buildActionMask = 2147483647;
			files = (
			);
			runOnlyForDeploymentPostprocessing = 0;
		};
		DF8F92BB2DFBADEC009C33E8 /* Frameworks */ = {
			isa = PBXFrameworksBuildPhase;
			buildActionMask = 2147483647;
			files = (
			);
			runOnlyForDeploymentPostprocessing = 0;
		};
/* End PBXFrameworksBuildPhase section */

/* Begin PBXGroup section */
		DF8F929E2DFBADEA009C33E8 = {
			isa = PBXGroup;
			children = (
				DF8F92A92DFBADEB009C33E8 /* AsyncDemo-XCTest */,
				DF8F92B72DFBADEC009C33E8 /* AsyncDemo-XCTestTests */,
				DF8F92A82DFBADEB009C33E8 /* Products */,
			);
			sourceTree = "<group>";
		};
		DF8F92A82DFBADEB009C33E8 /* Products */ = {
			isa = PBXGroup;
			children = (
				DF8F92A72DFBADEB009C33E8 /* AsyncDemo-XCTest.app */,
				DF8F92B42DFBADEC009C33E8 /* AsyncDemo-XCTestTests.xctest */,
				DF8F92BE2DFBADEC009C33E8 /* AsyncDemo-XCTestUITests.xctest */,
			);
			name = Products;
			sourceTree = "<group>";
		};
/* End PBXGroup section */

/* Begin PBXNativeTarget section */
		DF8F92A62DFBADEB009C33E8 /* AsyncDemo-XCTest */ = {
			isa = PBXNativeTarget;
			buildConfigurationList = DF8F92C82DFBADEC009C33E8 /* Build configuration list for PBXNativeTarget "AsyncDemo-XCTest" */;
			buildPhases = (
				DF8F92A32DFBADEB009C33E8 /* Sources */,
				DF8F92A42DFBADEB009C33E8 /* Frameworks */,
				DF8F92A52DFBADEB009C33E8 /* Resources */,
			);
			buildRules = (
			);
			dependencies = (
			);
			fileSystemSynchronizedGroups = (
				DF8F92A92DFBADEB009C33E8 /* AsyncDemo-XCTest */,
			);
			name = "AsyncDemo-XCTest";
			packageProductDependencies = (
			);
			productName = "AsyncDemo-XCTest";
			productReference = DF8F92A72DFBADEB009C33E8 /* AsyncDemo-XCTest.app */;
			productType = "com.apple.product-type.application";
		};
		DF8F92B32DFBADEC009C33E8 /* AsyncDemo-XCTestTests */ = {
			isa = PBXNativeTarget;
			buildConfigurationList = DF8F92CB2DFBADEC009C33E8 /* Build configuration list for PBXNativeTarget "AsyncDemo-XCTestTests" */;
			buildPhases = (
				DF8F92B02DFBADEC009C33E8 /* Sources */,
				DF8F92B12DFBADEC009C33E8 /* Frameworks */,
				DF8F92B22DFBADEC009C33E8 /* Resources */,
			);
			buildRules = (
			);
			dependencies = (
				DF8F92B62DFBADEC009C33E8 /* PBXTargetDependency */,
			);
			fileSystemSynchronizedGroups = (
				DF8F92B72DFBADEC009C33E8 /* AsyncDemo-XCTestTests */,
			);
			name = "AsyncDemo-XCTestTests";
			packageProductDependencies = (
			);
			productName = "AsyncDemo-XCTestTests";
			productReference = DF8F92B42DFBADEC009C33E8 /* AsyncDemo-XCTestTests.xctest */;
			productType = "com.apple.product-type.bundle.unit-test";
		};
		DF8F92BD2DFBADEC009C33E8 /* AsyncDemo-XCTestUITests */ = {
			isa = PBXNativeTarget;
			buildConfigurationList = DF8F92CE2DFBADEC009C33E8 /* Build configuration list for PBXNativeTarget "AsyncDemo-XCTestUITests" */;
			buildPhases = (
				DF8F92BA2DFBADEC009C33E8 /* Sources */,
				DF8F92BB2DFBADEC009C33E8 /* Frameworks */,
				DF8F92BC2DFBADEC009C33E8 /* Resources */,
			);
			buildRules = (
			);
			dependencies = (
				DF8F92C02DFBADEC009C33E8 /* PBXTargetDependency */,
			);
			name = "AsyncDemo-XCTestUITests";
			packageProductDependencies = (
			);
			productName = "AsyncDemo-XCTestUITests";
			productReference = DF8F92BE2DFBADEC009C33E8 /* AsyncDemo-XCTestUITests.xctest */;
			productType = "com.apple.product-type.bundle.ui-testing";
		};
/* End PBXNativeTarget section */

/* Begin PBXProject section */
		DF8F929F2DFBADEA009C33E8 /* Project object */ = {
			isa = PBXProject;
			attributes = {
				BuildIndependentTargetsInParallel = 1;
				LastSwiftUpdateCheck = 1640;
				LastUpgradeCheck = 1640;
				TargetAttributes = {
					DF8F92A62DFBADEB009C33E8 = {
						CreatedOnToolsVersion = 16.4;
					};
					DF8F92B32DFBADEC009C33E8 = {
						CreatedOnToolsVersion = 16.4;
						TestTargetID = DF8F92A62DFBADEB009C33E8;
					};
					DF8F92BD2DFBADEC009C33E8 = {
						CreatedOnToolsVersion = 16.4;
						TestTargetID = DF8F92A62DFBADEB009C33E8;
					};
				};
			};
			buildConfigurationList = DF8F92A22DFBADEA009C33E8 /* Build configuration list for PBXProject "AsyncDemo-XCTest" */;
			developmentRegion = en;
			hasScannedForEncodings = 0;
			knownRegions = (
				en,
				Base,
			);
			mainGroup = DF8F929E2DFBADEA009C33E8;
			minimizedProjectReferenceProxies = 1;
			preferredProjectObjectVersion = 77;
			productRefGroup = DF8F92A82DFBADEB009C33E8 /* Products */;
			projectDirPath = "";
			projectRoot = "";
			targets = (
				DF8F92A62DFBADEB009C33E8 /* AsyncDemo-XCTest */,
				DF8F92B32DFBADEC009C33E8 /* AsyncDemo-XCTestTests */,
				DF8F92BD2DFBADEC009C33E8 /* AsyncDemo-XCTestUITests */,
			);
		};
/* End PBXProject section */

/* Begin PBXResourcesBuildPhase section */
		DF8F92A52DFBADEB009C33E8 /* Resources */ = {
			isa = PBXResourcesBuildPhase;
			buildActionMask = 2147483647;
			files = (
			);
			runOnlyForDeploymentPostprocessing = 0;
		};
		DF8F92B22DFBADEC009C33E8 /* Resources */ = {
			isa = PBXResourcesBuildPhase;
			buildActionMask = 2147483647;
			files = (
			);
			runOnlyForDeploymentPostprocessing = 0;
		};
		DF8F92BC2DFBADEC009C33E8 /* Resources */ = {
			isa = PBXResourcesBuildPhase;
			buildActionMask = 2147483647;
			files = (
			);
			runOnlyForDeploymentPostprocessing = 0;
		};
/* End PBXResourcesBuildPhase section */

/* Begin PBXSourcesBuildPhase section */
		DF8F92A32DFBADEB009C33E8 /* Sources */ = {
			isa = PBXSourcesBuildPhase;
			buildActionMask = 2147483647;
			files = (
			);
			runOnlyForDeploymentPostprocessing = 0;
		};
		DF8F92B02DFBADEC009C33E8 /* Sources */ = {
			isa = PBXSourcesBuildPhase;
			buildActionMask = 2147483647;
			files = (
			);
			runOnlyForDeploymentPostprocessing = 0;
		};
		DF8F92BA2DFBADEC009C33E8 /* Sources */ = {
			isa = PBXSourcesBuildPhase;
			buildActionMask = 2147483647;
			files = (
			);
			runOnlyForDeploymentPostprocessing = 0;
		};
/* End PBXSourcesBuildPhase section */

/* Begin PBXTargetDependency section */
		DF8F92B62DFBADEC009C33E8 /* PBXTargetDependency */ = {
			isa = PBXTargetDependency;
			target = DF8F92A62DFBADEB009C33E8 /* AsyncDemo-XCTest */;
			targetProxy = DF8F92B52DFBADEC009C33E8 /* PBXContainerItemProxy */;
		};
		DF8F92C02DFBADEC009C33E8 /* PBXTargetDependency */ = {
			isa = PBXTargetDependency;
			target = DF8F92A62DFBADEB009C33E8 /* AsyncDemo-XCTest */;
			targetProxy = DF8F92BF2DFBADEC009C33E8 /* PBXContainerItemProxy */;
		};
/* End PBXTargetDependency section */

/* Begin XCBuildConfiguration section */
		DF8F92C62DFBADEC009C33E8 /* Debug */ = {
			isa = XCBuildConfiguration;
			buildSettings = {
				ALWAYS_SEARCH_USER_PATHS = NO;
				ASSETCATALOG_COMPILER_GENERATE_SWIFT_ASSET_SYMBOL_EXTENSIONS = YES;
				CLANG_ANALYZER_NONNULL = YES;
				CLANG_ANALYZER_NUMBER_OBJECT_CONVERSION = YES_AGGRESSIVE;
				CLANG_CXX_LANGUAGE_STANDARD = "gnu++20";
				CLANG_ENABLE_MODULES = YES;
				CLANG_ENABLE_OBJC_ARC = YES;
				CLANG_ENABLE_OBJC_WEAK = YES;
				CLANG_WARN_BLOCK_CAPTURE_AUTORELEASING = YES;
				CLANG_WARN_BOOL_CONVERSION = YES;
				CLANG_WARN_COMMA = YES;
				CLANG_WARN_CONSTANT_CONVERSION = YES;
				CLANG_WARN_DEPRECATED_OBJC_IMPLEMENTATIONS = YES;
				CLANG_WARN_DIRECT_OBJC_ISA_USAGE = YES_ERROR;
				CLANG_WARN_DOCUMENTATION_COMMENTS = YES;
				CLANG_WARN_EMPTY_BODY = YES;
				CLANG_WARN_ENUM_CONVERSION = YES;
				CLANG_WARN_INFINITE_RECURSION = YES;
				CLANG_WARN_INT_CONVERSION = YES;
				CLANG_WARN_NON_LITERAL_NULL_CONVERSION = YES;
				CLANG_WARN_OBJC_IMPLICIT_RETAIN_SELF = YES;
				CLANG_WARN_OBJC_LITERAL_CONVERSION = YES;
				CLANG_WARN_OBJC_ROOT_CLASS = YES_ERROR;
				CLANG_WARN_QUOTED_INCLUDE_IN_FRAMEWORK_HEADER = YES;
				CLANG_WARN_RANGE_LOOP_ANALYSIS = YES;
				CLANG_WARN_STRICT_PROTOTYPES = YES;
				CLANG_WARN_SUSPICIOUS_MOVE = YES;
				CLANG_WARN_UNGUARDED_AVAILABILITY = YES_AGGRESSIVE;
				CLANG_WARN_UNREACHABLE_CODE = YES;
				CLANG_WARN__DUPLICATE_METHOD_MATCH = YES;
				COPY_PHASE_STRIP = NO;
				DEBUG_INFORMATION_FORMAT = dwarf;
				ENABLE_STRICT_OBJC_MSGSEND = YES;
				ENABLE_TESTABILITY = YES;
				ENABLE_USER_SCRIPT_SANDBOXING = YES;
				GCC_C_LANGUAGE_STANDARD = gnu17;
				GCC_DYNAMIC_NO_PIC = NO;
				GCC_NO_COMMON_BLOCKS = YES;
				GCC_OPTIMIZATION_LEVEL = 0;
				GCC_PREPROCESSOR_DEFINITIONS = (
					"DEBUG=1",
					"$(inherited)",
				);
				GCC_WARN_64_TO_32_BIT_CONVERSION = YES;
				GCC_WARN_ABOUT_RETURN_TYPE = YES_ERROR;
				GCC_WARN_UNDECLARED_SELECTOR = YES;
				GCC_WARN_UNINITIALIZED_AUTOS = YES_AGGRESSIVE;
				GCC_WARN_UNUSED_FUNCTION = YES;
				GCC_WARN_UNUSED_VARIABLE = YES;
				IPHONEOS_DEPLOYMENT_TARGET = 18.5;
				LOCALIZATION_PREFERS_STRING_CATALOGS = YES;
				MTL_ENABLE_DEBUG_INFO = INCLUDE_SOURCE;
				MTL_FAST_MATH = YES;
				ONLY_ACTIVE_ARCH = YES;
				SDKROOT = iphoneos;
				SWIFT_ACTIVE_COMPILATION_CONDITIONS = "DEBUG $(inherited)";
				SWIFT_OPTIMIZATION_LEVEL = "-Onone";
			};
			name = Debug;
		};
		DF8F92C72DFBADEC009C33E8 /* Release */ = {
			isa = XCBuildConfiguration;
			buildSettings = {
				ALWAYS_SEARCH_USER_PATHS = NO;
				ASSETCATALOG_COMPILER_GENERATE_SWIFT_ASSET_SYMBOL_EXTENSIONS = YES;
				CLANG_ANALYZER_NONNULL = YES;
				CLANG_ANALYZER_NUMBER_OBJECT_CONVERSION = YES_AGGRESSIVE;
				CLANG_CXX_LANGUAGE_STANDARD = "gnu++20";
				CLANG_ENABLE_MODULES = YES;
				CLANG_ENABLE_OBJC_ARC = YES;
				CLANG_ENABLE_OBJC_WEAK = YES;
				CLANG_WARN_BLOCK_CAPTURE_AUTORELEASING = YES;
				CLANG_WARN_BOOL_CONVERSION = YES;
				CLANG_WARN_COMMA = YES;
				CLANG_WARN_CONSTANT_CONVERSION = YES;
				CLANG_WARN_DEPRECATED_OBJC_IMPLEMENTATIONS = YES;
				CLANG_WARN_DIRECT_OBJC_ISA_USAGE = YES_ERROR;
				CLANG_WARN_DOCUMENTATION_COMMENTS = YES;
				CLANG_WARN_EMPTY_BODY = YES;
				CLANG_WARN_ENUM_CONVERSION = YES;
				CLANG_WARN_INFINITE_RECURSION = YES;
				CLANG_WARN_INT_CONVERSION = YES;
				CLANG_WARN_NON_LITERAL_NULL_CONVERSION = YES;
				CLANG_WARN_OBJC_IMPLICIT_RETAIN_SELF = YES;
				CLANG_WARN_OBJC_LITERAL_CONVERSION = YES;
				CLANG_WARN_OBJC_ROOT_CLASS = YES_ERROR;
				CLANG_WARN_QUOTED_INCLUDE_IN_FRAMEWORK_HEADER = YES;
				CLANG_WARN_RANGE_LOOP_ANALYSIS = YES;
				CLANG_WARN_STRICT_PROTOTYPES = YES;
				CLANG_WARN_SUSPICIOUS_MOVE = YES;
				CLANG_WARN_UNGUARDED_AVAILABILITY = YES_AGGRESSIVE;
				CLANG_WARN_UNREACHABLE_CODE = YES;
				CLANG_WARN__DUPLICATE_METHOD_MATCH = YES;
				COPY_PHASE_STRIP = NO;
				DEBUG_INFORMATION_FORMAT = "dwarf-with-dsym";
				ENABLE_NS_ASSERTIONS = NO;
				ENABLE_STRICT_OBJC_MSGSEND = YES;
				ENABLE_USER_SCRIPT_SANDBOXING = YES;
				GCC_C_LANGUAGE_STANDARD = gnu17;
				GCC_NO_COMMON_BLOCKS = YES;
				GCC_WARN_64_TO_32_BIT_CONVERSION = YES;
				GCC_WARN_ABOUT_RETURN_TYPE = YES_ERROR;
				GCC_WARN_UNDECLARED_SELECTOR = YES;
				GCC_WARN_UNINITIALIZED_AUTOS = YES_AGGRESSIVE;
				GCC_WARN_UNUSED_FUNCTION = YES;
				GCC_WARN_UNUSED_VARIABLE = YES;
				IPHONEOS_DEPLOYMENT_TARGET = 18.5;
				LOCALIZATION_PREFERS_STRING_CATALOGS = YES;
				MTL_ENABLE_DEBUG_INFO = NO;
				MTL_FAST_MATH = YES;
				SDKROOT = iphoneos;
				SWIFT_COMPILATION_MODE = wholemodule;
				VALIDATE_PRODUCT = YES;
			};
			name = Release;
		};
		DF8F92C92DFBADEC009C33E8 /* Debug */ = {
			isa = XCBuildConfiguration;
			buildSettings = {
				ASSETCATALOG_COMPILER_APPICON_NAME = AppIcon;
				ASSETCATALOG_COMPILER_GLOBAL_ACCENT_COLOR_NAME = AccentColor;
				CODE_SIGN_STYLE = Automatic;
				CURRENT_PROJECT_VERSION = 1;
				ENABLE_PREVIEWS = YES;
				GENERATE_INFOPLIST_FILE = YES;
				INFOPLIST_KEY_UIApplicationSceneManifest_Generation = YES;
				INFOPLIST_KEY_UIApplicationSupportsIndirectInputEvents = YES;
				INFOPLIST_KEY_UILaunchScreen_Generation = YES;
				INFOPLIST_KEY_UISupportedInterfaceOrientations_iPad = "UIInterfaceOrientationPortrait UIInterfaceOrientationPortraitUpsideDown UIInterfaceOrientationLandscapeLeft UIInterfaceOrientationLandscapeRight";
				INFOPLIST_KEY_UISupportedInterfaceOrientations_iPhone = "UIInterfaceOrientationPortrait UIInterfaceOrientationLandscapeLeft UIInterfaceOrientationLandscapeRight";
				LD_RUNPATH_SEARCH_PATHS = (
					"$(inherited)",
					"@executable_path/Frameworks",
				);
				MARKETING_VERSION = 1.0;
				PRODUCT_BUNDLE_IDENTIFIER = "com.example.download.AsyncDemo-XCTest";
				PRODUCT_NAME = "$(TARGET_NAME)";
				SWIFT_EMIT_LOC_STRINGS = YES;
				SWIFT_VERSION = 5.0;
				TARGETED_DEVICE_FAMILY = "1,2";
			};
			name = Debug;
		};
		DF8F92CA2DFBADEC009C33E8 /* Release */ = {
			isa = XCBuildConfiguration;
			buildSettings = {
				ASSETCATALOG_COMPILER_APPICON_NAME = AppIcon;
				ASSETCATALOG_COMPILER_GLOBAL_ACCENT_COLOR_NAME = AccentColor;
				CODE_SIGN_STYLE = Automatic;
				CURRENT_PROJECT_VERSION = 1;
				ENABLE_PREVIEWS = YES;
				GENERATE_INFOPLIST_FILE = YES;
				INFOPLIST_KEY_UIApplicationSceneManifest_Generation = YES;
				INFOPLIST_KEY_UIApplicationSupportsIndirectInputEvents = YES;
				INFOPLIST_KEY_UILaunchScreen_Generation = YES;
				INFOPLIST_KEY_UISupportedInterfaceOrientations_iPad = "UIInterfaceOrientationPortrait UIInterfaceOrientationPortraitUpsideDown UIInterfaceOrientationLandscapeLeft UIInterfaceOrientationLandscapeRight";
				INFOPLIST_KEY_UISupportedInterfaceOrientations_iPhone = "UIInterfaceOrientationPortrait UIInterfaceOrientationLandscapeLeft UIInterfaceOrientationLandscapeRight";
				LD_RUNPATH_SEARCH_PATHS = (
					"$(inherited)",
					"@executable_path/Frameworks",
				);
				MARKETING_VERSION = 1.0;
				PRODUCT_BUNDLE_IDENTIFIER = "com.example.download.AsyncDemo-XCTest";
				PRODUCT_NAME = "$(TARGET_NAME)";
				SWIFT_EMIT_LOC_STRINGS = YES;
				SWIFT_VERSION = 5.0;
				TARGETED_DEVICE_FAMILY = "1,2";
			};
			name = Release;
		};
		DF8F92CC2DFBADEC009C33E8 /* Debug */ = {
			isa = XCBuildConfiguration;
			buildSettings = {
				BUNDLE_LOADER = "$(TEST_HOST)";
				CODE_SIGN_STYLE = Automatic;
				CURRENT_PROJECT_VERSION = 1;
				GENERATE_INFOPLIST_FILE = YES;
				IPHONEOS_DEPLOYMENT_TARGET = 18.5;
				MARKETING_VERSION = 1.0;
				PRODUCT_BUNDLE_IDENTIFIER = "com.example.download.AsyncDemo-XCTestTests";
				PRODUCT_NAME = "$(TARGET_NAME)";
				SWIFT_EMIT_LOC_STRINGS = NO;
				SWIFT_VERSION = 5.0;
				TARGETED_DEVICE_FAMILY = "1,2";
				TEST_HOST = "$(BUILT_PRODUCTS_DIR)/AsyncDemo-XCTest.app/$(BUNDLE_EXECUTABLE_FOLDER_PATH)/AsyncDemo-XCTest";
			};
			name = Debug;
		};
		DF8F92CD2DFBADEC009C33E8 /* Release */ = {
			isa = XCBuildConfiguration;
			buildSettings = {
				BUNDLE_LOADER = "$(TEST_HOST)";
				CODE_SIGN_STYLE = Automatic;
				CURRENT_PROJECT_VERSION = 1;
				GENERATE_INFOPLIST_FILE = YES;
				IPHONEOS_DEPLOYMENT_TARGET = 18.5;
				MARKETING_VERSION = 1.0;
				PRODUCT_BUNDLE_IDENTIFIER = "com.example.download.AsyncDemo-XCTestTests";
				PRODUCT_NAME = "$(TARGET_NAME)";
				SWIFT_EMIT_LOC_STRINGS = NO;
				SWIFT_VERSION = 5.0;
				TARGETED_DEVICE_FAMILY = "1,2";
				TEST_HOST = "$(BUILT_PRODUCTS_DIR)/AsyncDemo-XCTest.app/$(BUNDLE_EXECUTABLE_FOLDER_PATH)/AsyncDemo-XCTest";
			};
			name = Release;
		};
		DF8F92CF2DFBADEC009C33E8 /* Debug */ = {
			isa = XCBuildConfiguration;
			buildSettings = {
				CODE_SIGN_STYLE = Automatic;
				CURRENT_PROJECT_VERSION = 1;
				GENERATE_INFOPLIST_FILE = YES;
				MARKETING_VERSION = 1.0;
				PRODUCT_BUNDLE_IDENTIFIER = "com.example.download.AsyncDemo-XCTestUITests";
				PRODUCT_NAME = "$(TARGET_NAME)";
				SWIFT_EMIT_LOC_STRINGS = NO;
				SWIFT_VERSION = 5.0;
				TARGETED_DEVICE_FAMILY = "1,2";
				TEST_TARGET_NAME = "AsyncDemo-XCTest";
			};
			name = Debug;
		};
		DF8F92D02DFBADEC009C33E8 /* Release */ = {
			isa = XCBuildConfiguration;
			buildSettings = {
				CODE_SIGN_STYLE = Automatic;
				CURRENT_PROJECT_VERSION = 1;
				GENERATE_INFOPLIST_FILE = YES;
				MARKETING_VERSION = 1.0;
				PRODUCT_BUNDLE_IDENTIFIER = "com.example.download.AsyncDemo-XCTestUITests";
				PRODUCT_NAME = "$(TARGET_NAME)";
				SWIFT_EMIT_LOC_STRINGS = NO;
				SWIFT_VERSION = 5.0;
				TARGETED_DEVICE_FAMILY = "1,2";
				TEST_TARGET_NAME = "AsyncDemo-XCTest";
			};
			name = Release;
		};
/* End XCBuildConfiguration section */

/* Begin XCConfigurationList section */
		DF8F92A22DFBADEA009C33E8 /* Build configuration list for PBXProject "AsyncDemo-XCTest" */ = {
			isa = XCConfigurationList;
			buildConfigurations = (
				DF8F92C62DFBADEC009C33E8 /* Debug */,
				DF8F92C72DFBADEC009C33E8 /* Release */,
			);
			defaultConfigurationIsVisible = 0;
			defaultConfigurationName = Release;
		};
		DF8F92C82DFBADEC009C33E8 /* Build configuration list for PBXNativeTarget "AsyncDemo-XCTest" */ = {
			isa = XCConfigurationList;
			buildConfigurations = (
				DF8F92C92DFBADEC009C33E8 /* Debug */,
				DF8F92CA2DFBADEC009C33E8 /* Release */,
			);
			defaultConfigurationIsVisible = 0;
			defaultConfigurationName = Release;
		};
		DF8F92CB2DFBADEC009C33E8 /* Build configuration list for PBXNativeTarget "AsyncDemo-XCTestTests" */ = {
			isa = XCConfigurationList;
			buildConfigurations = (
				DF8F92CC2DFBADEC009C33E8 /* Debug */,
				DF8F92CD2DFBADEC009C33E8 /* Release */,
			);
			defaultConfigurationIsVisible = 0;
			defaultConfigurationName = Release;
		};
		DF8F92CE2DFBADEC009C33E8 /* Build configuration list for PBXNativeTarget "AsyncDemo-XCTestUITests" */ = {
			isa = XCConfigurationList;
			buildConfigurations = (
				DF8F92CF2DFBADEC009C33E8 /* Debug */,
				DF8F92D02DFBADEC009C33E8 /* Release */,
			);
			defaultConfigurationIsVisible = 0;
			defaultConfigurationName = Release;
		};
/* End XCConfigurationList section */
	};
	rootObject = DF8F929F2DFBADEA009C33E8 /* Project object */;
}
